%{"benchee": {:hex, :benchee, "0.9.0", "433d946b0e4755e186fe564568ead4f593b0d15337fcffa95ed7d5b8a6612670", [], [{:deep_merge, "~> 0.1", [hex: :deep_merge, repo: "hexpm", optional: false]}], "hexpm"},
  "deep_merge": {:hex, :deep_merge, "0.1.1", "c27866a7524a337b6a039eeb8dd4f17d458fd40fbbcb8c54661b71a22fffe846", [], [], "hexpm"},
  "earmark": {:hex, :earmark, "1.2.3", "206eb2e2ac1a794aa5256f3982de7a76bf4579ff91cb28d0e17ea2c9491e46a4", [], [], "hexpm"},
  "ex_doc": {:hex, :ex_doc, "0.17.1", "39f777415e769992e6732d9589dc5846ea587f01412241f4a774664c746affbb", [], [{:earmark, "~> 1.1", [hex: :earmark, repo: "hexpm", optional: false]}], "hexpm"},
  "poolboy": {:hex, :poolboy, "1.5.1", "6b46163901cfd0a1b43d692657ed9d7e599853b3b21b95ae5ae0a777cf9b6ca8", [], [], "hexpm"},
  "rustler": {:hex, :rustler, "0.10.1", "cedcce8b8960e5a8d528903891e8cc7f2f0306680a1c478455e3d8e572c65cc4", [], [], "hexpm"}}
